{
  "name": "my-actions",
  "version": "1.0.0",
  "lockfileVersion": 2,
  "requires": true,
  "packages": {
    "": {
      "name": "my-actions",
      "version": "1.0.0",
      "license": "ISC",
      "dependencies": {
        "actions": "^1.3.0"
      }
    },
    "node_modules/actions": {
      "version": "1.3.0",
      "resolved": "https://registry.npmjs.org/actions/-/actions-1.3.0.tgz",
      "integrity": "sha1-QiRLOxPfW3SuyjJ9u9rcgMjRpbU="
    }
  },
  "dependencies": {
    "actions": {
      "version": "1.3.0",
      "resolved": "https://registry.npmjs.org/actions/-/actions-1.3.0.tgz",
      "integrity": "sha1-QiRLOxPfW3SuyjJ9u9rcgMjRpbU="
    }
  }
}
